{
  "name": "reactseed",
  "version": "3.0.0",
  "lockfileVersion": 1,
  "requires": true,
  "dependencies": {
    "echarts-wordcloud": {
      "version": "1.1.3",
      "resolved": "http://registry.npm.taobao.org/echarts-wordcloud/download/echarts-wordcloud-1.1.3.tgz",
      "integrity": "sha1-B7FAyLp2sZwxe0PDEPPV3Jkon/I="
    }
  }
}
